
Microsoft Visual Studio Solution File, Format Version 12.00
# Visual Studio Version 16
VisualStudioVersion = 16.0.31402.337
MinimumVisualStudioVersion = 10.0.40219.1
Project("{FAE04EC0-301F-11D3-BF4B-00C04F79EFBC}") = "Proyecto U5 y U6", "Proyecto U5 y U6.csproj", "{B974B49D-8029-412B-98F6-A1B1A9A9560B}"
EndProject
Global
	GlobalSection(SolutionConfigurationPlatforms) = preSolution
		Debug|Any CPU = Debug|Any CPU
		Release|Any CPU = Release|Any CPU
	EndGlobalSection
	GlobalSection(ProjectConfigurationPlatforms) = postSolution
		{B974B49D-8029-412B-98F6-A1B1A9A9560B}.Debug|Any CPU.ActiveCfg = Debug|Any CPU
		{B974B49D-8029-412B-98F6-A1B1A9A9560B}.Debug|Any CPU.Build.0 = Debug|Any CPU
		{B974B49D-8029-412B-98F6-A1B1A9A9560B}.Release|Any CPU.ActiveCfg = Release|Any CPU
		{B974B49D-8029-412B-98F6-A1B1A9A9560B}.Release|Any CPU.Build.0 = Release|Any CPU
	EndGlobalSection
	GlobalSection(SolutionProperties) = preSolution
		HideSolutionNode = FALSE
	EndGlobalSection
	GlobalSection(ExtensibilityGlobals) = postSolution
		SolutionGuid = {2735AF13-94FD-499D-ACAA-17835E2AEFAE}
	EndGlobalSection
EndGlobal
